
Microsoft Visual Studio Solution File, Format Version 12.00
# Visual Studio 15
VisualStudioVersion = 15.0.26730.16
MinimumVisualStudioVersion = 10.0.40219.1
Project("{9A19103F-16F7-4668-BE54-9A1E7A4F7556}") = "StoryEstimator.Showcase", "StoryEstimator.Showcase.csproj", "{411B3804-DAEA-4AB1-AB9B-9DCB592E3A75}"
EndProject
Global
	GlobalSection(SolutionConfigurationPlatforms) = preSolution
		Debug|Any CPU = Debug|Any CPU
		Release|Any CPU = Release|Any CPU
	EndGlobalSection
	GlobalSection(ProjectConfigurationPlatforms) = postSolution
		{411B3804-DAEA-4AB1-AB9B-9DCB592E3A75}.Debug|Any CPU.ActiveCfg = Debug|Any CPU
		{411B3804-DAEA-4AB1-AB9B-9DCB592E3A75}.Debug|Any CPU.Build.0 = Debug|Any CPU
		{411B3804-DAEA-4AB1-AB9B-9DCB592E3A75}.Release|Any CPU.ActiveCfg = Release|Any CPU
		{411B3804-DAEA-4AB1-AB9B-9DCB592E3A75}.Release|Any CPU.Build.0 = Release|Any CPU
	EndGlobalSection
	GlobalSection(SolutionProperties) = preSolution
		HideSolutionNode = FALSE
	EndGlobalSection
	GlobalSection(ExtensibilityGlobals) = postSolution
		SolutionGuid = {A2D2C752-8296-4B69-84E2-A57F2C18CC81}
	EndGlobalSection
EndGlobal
