
Microsoft Visual Studio Solution File, Format Version 12.00
# Visual Studio Version 17
VisualStudioVersion = 17.9.34310.174
MinimumVisualStudioVersion = 10.0.40219.1
Project("{9A19103F-16F7-4668-BE54-9A1E7A4F7556}") = "StoryEstimator_NET8", "StoryEstimator_NET8.csproj", "{2AA9808D-165B-4878-80D2-8D56C7E24276}"
EndProject
Global
	GlobalSection(SolutionConfigurationPlatforms) = preSolution
		Debug|Any CPU = Debug|Any CPU
		Release|Any CPU = Release|Any CPU
	EndGlobalSection
	GlobalSection(ProjectConfigurationPlatforms) = postSolution
		{2AA9808D-165B-4878-80D2-8D56C7E24276}.Debug|Any CPU.ActiveCfg = Debug|Any CPU
		{2AA9808D-165B-4878-80D2-8D56C7E24276}.Debug|Any CPU.Build.0 = Debug|Any CPU
		{2AA9808D-165B-4878-80D2-8D56C7E24276}.Release|Any CPU.ActiveCfg = Release|Any CPU
		{2AA9808D-165B-4878-80D2-8D56C7E24276}.Release|Any CPU.Build.0 = Release|Any CPU
	EndGlobalSection
	GlobalSection(SolutionProperties) = preSolution
		HideSolutionNode = FALSE
	EndGlobalSection
	GlobalSection(ExtensibilityGlobals) = postSolution
		SolutionGuid = {68B11A97-D49F-454A-BE10-6F9AC01FAF5E}
	EndGlobalSection
EndGlobal
